// !$*UTF8*$!
{
	archiveVersion = 1;
	classes = {
	};
	objectVersion = 46;
	objects = {

/* Begin PBXBuildFile section */
		701414351C777D9B001F8D87 /* main.m in Sources */ = {isa = PBXBuildFile; fileRef = 701414341C777D9B001F8D87 /* main.m */; };
		701414381C777D9B001F8D87 /* AppDelegate.m in Sources */ = {isa = PBXBuildFile; fileRef = 701414371C777D9B001F8D87 /* AppDelegate.m */; };
		7014143B1C777D9B001F8D87 /* ViewController.m in Sources */ = {isa = PBXBuildFile; fileRef = 7014143A1C777D9B001F8D87 /* ViewController.m */; };
		7014143E1C777D9B001F8D87 /* Main.storyboard in Resources */ = {isa = PBXBuildFile; fileRef = 7014143C1C777D9B001F8D87 /* Main.storyboard */; };
		701414401C777D9B001F8D87 /* Assets.xcassets in Resources */ = {isa = PBXBuildFile; fileRef = 7014143F1C777D9B001F8D87 /* Assets.xcassets */; };
		701414431C777D9B001F8D87 /* LaunchScreen.storyboard in Resources */ = {isa = PBXBuildFile; fileRef = 701414411C777D9B001F8D87 /* LaunchScreen.storyboard */; };
/* End PBXBuildFile section */

/* Begin PBXFileReference section */
		701414301C777D9B001F8D87 /* ApplePayDemo.app */ = {isa = PBXFileReference; explicitFileType = wrapper.application; includeInIndex = 0; path = ApplePayDemo.app; sourceTree = BUILT_PRODUCTS_DIR; };
		701414341C777D9B001F8D87 /* main.m */ = {isa = PBXFileReference; lastKnownFileType = sourcecode.c.objc; path = main.m; sourceTree = "<group>"; };
		701414361C777D9B001F8D87 /* AppDelegate.h */ = {isa = PBXFileReference; lastKnownFileType = sourcecode.c.h; path = AppDelegate.h; sourceTree = "<group>"; };
		701414371C777D9B001F8D87 /* AppDelegate.m */ = {isa = PBXFileReference; lastKnownFileType = sourcecode.c.objc; path = AppDelegate.m; sourceTree = "<group>"; };
		701414391C777D9B001F8D87 /* ViewController.h */ = {isa = PBXFileReference; lastKnownFileType = sourcecode.c.h; path = ViewController.h; sourceTree = "<group>"; };
		7014143A1C777D9B001F8D87 /* ViewController.m */ = {isa = PBXFileReference; lastKnownFileType = sourcecode.c.objc; path = ViewController.m; sourceTree = "<group>"; };
		7014143D1C777D9B001F8D87 /* Base */ = {isa = PBXFileReference; lastKnownFileType = file.storyboard; name = Base; path = Base.lproj/Main.storyboard; sourceTree = "<group>"; };
		7014143F1C777D9B001F8D87 /* Assets.xcassets */ = {isa = PBXFileReference; lastKnownFileType = folder.assetcatalog; path = Assets.xcassets; sourceTree = "<group>"; };
		701414421C777D9B001F8D87 /* Base */ = {isa = PBXFileReference; lastKnownFileType = file.storyboard; name = Base; path = Base.lproj/LaunchScreen.storyboard; sourceTree = "<group>"; };
		701414441C777D9B001F8D87 /* Info.plist */ = {isa = PBXFileReference; lastKnownFileType = text.plist.xml; path = Info.plist; sourceTree = "<group>"; };
		7014144A1C777DF1001F8D87 /* ApplePayDemo.entitlements */ = {isa = PBXFileReference; lastKnownFileType = text.xml; path = ApplePayDemo.entitlements; sourceTree = "<group>"; };
/* End PBXFileReference section */

/* Begin PBXFrameworksBuildPhase section */
		7014142D1C777D9B001F8D87 /* Frameworks */ = {
			isa = PBXFrameworksBuildPhase;
			buildActionMask = 2147483647;
			files = (
			);
			runOnlyForDeploymentPostprocessing = 0;
		};
/* End PBXFrameworksBuildPhase section */

/* Begin PBXGroup section */
		701414271C777D9B001F8D87 = {
			isa = PBXGroup;
			children = (
				701414321C777D9B001F8D87 /* ApplePayDemo */,
				701414311C777D9B001F8D87 /* Products */,
			);
			sourceTree = "<group>";
		};
		701414311C777D9B001F8D87 /* Products */ = {
			isa = PBXGroup;
			children = (
				701414301C777D9B001F8D87 /* ApplePayDemo.app */,
			);
			name = Products;
			sourceTree = "<group>";
		};
		701414321C777D9B001F8D87 /* ApplePayDemo */ = {
			isa = PBXGroup;
			children = (
				7014144A1C777DF1001F8D87 /* ApplePayDemo.entitlements */,
				701414361C777D9B001F8D87 /* AppDelegate.h */,
				701414371C777D9B001F8D87 /* AppDelegate.m */,
				701414391C777D9B001F8D87 /* ViewController.h */,
				7014143A1C777D9B001F8D87 /* ViewController.m */,
				7014143C1C777D9B001F8D87 /* Main.storyboard */,
				7014143F1C777D9B001F8D87 /* Assets.xcassets */,
				701414411C777D9B001F8D87 /* LaunchScreen.storyboard */,
				701414441C777D9B001F8D87 /* Info.plist */,
				701414331C777D9B001F8D87 /* Supporting Files */,
			);
			path = ApplePayDemo;
			sourceTree = "<group>";
		};
		701414331C777D9B001F8D87 /* Supporting Files */ = {
			isa = PBXGroup;
			children = (
				701414341C777D9B001F8D87 /* main.m */,
			);
			name = "Supporting Files";
			sourceTree = "<group>";
		};
/* End PBXGroup section */

/* Begin PBXNativeTarget section */
		7014142F1C777D9B001F8D87 /* ApplePayDemo */ = {
			isa = PBXNativeTarget;
			buildConfigurationList = 701414471C777D9B001F8D87 /* Build configuration list for PBXNativeTarget "ApplePayDemo" */;
			buildPhases = (
				7014142C1C777D9B001F8D87 /* Sources */,
				7014142D1C777D9B001F8D87 /* Frameworks */,
				7014142E1C777D9B001F8D87 /* Resources */,
			);
			buildRules = (
			);
			dependencies = (
			);
			name = ApplePayDemo;
			productName = ApplePayDemo;
			productReference = 701414301C777D9B001F8D87 /* ApplePayDemo.app */;
			productType = "com.apple.product-type.application";
		};
/* End PBXNativeTarget section */

/* Begin PBXProject section */
		701414281C777D9B001F8D87 /* Project object */ = {
			isa = PBXProject;
			attributes = {
				LastUpgradeCheck = 0720;
				ORGANIZATIONNAME = alvechen;
				TargetAttributes = {
					7014142F1C777D9B001F8D87 = {
						CreatedOnToolsVersion = 7.2.1;
						DevelopmentTeam = 43785E7HJ6;
						SystemCapabilities = {
							com.apple.OMC = {
								enabled = 1;
							};
						};
					};
				};
			};
			buildConfigurationList = 7014142B1C777D9B001F8D87 /* Build configuration list for PBXProject "ApplePayDemo" */;
			compatibilityVersion = "Xcode 3.2";
			developmentRegion = English;
			hasScannedForEncodings = 0;
			knownRegions = (
				en,
				Base,
			);
			mainGroup = 701414271C777D9B001F8D87;
			productRefGroup = 701414311C777D9B001F8D87 /* Products */;
			projectDirPath = "";
			projectRoot = "";
			targets = (
				7014142F1C777D9B001F8D87 /* ApplePayDemo */,
			);
		};
/* End PBXProject section */

/* Begin PBXResourcesBuildPhase section */
		7014142E1C777D9B001F8D87 /* Resources */ = {
			isa = PBXResourcesBuildPhase;
			buildActionMask = 2147483647;
			files = (
				701414431C777D9B001F8D87 /* LaunchScreen.storyboard in Resources */,
				701414401C777D9B001F8D87 /* Assets.xcassets in Resources */,
				7014143E1C777D9B001F8D87 /* Main.storyboard in Resources */,
			);
			runOnlyForDeploymentPostprocessing = 0;
		};
/* End PBXResourcesBuildPhase section */

/* Begin PBXSourcesBuildPhase section */
		7014142C1C777D9B001F8D87 /* Sources */ = {
			isa = PBXSourcesBuildPhase;
			buildActionMask = 2147483647;
			files = (
				7014143B1C777D9B001F8D87 /* ViewController.m in Sources */,
				701414381C777D9B001F8D87 /* AppDelegate.m in Sources */,
				701414351C777D9B001F8D87 /* main.m in Sources */,
			);
			runOnlyForDeploymentPostprocessing = 0;
		};
/* End PBXSourcesBuildPhase section */

/* Begin PBXVariantGroup section */
		7014143C1C777D9B001F8D87 /* Main.storyboard */ = {
			isa = PBXVariantGroup;
			children = (
				7014143D1C777D9B001F8D87 /* Base */,
			);
			name = Main.storyboard;
			sourceTree = "<group>";
		};
		701414411C777D9B001F8D87 /* LaunchScreen.storyboard */ = {
			isa = PBXVariantGroup;
			children = (
				701414421C777D9B001F8D87 /* Base */,
			);
			name = LaunchScreen.storyboard;
			sourceTree = "<group>";
		};
/* End PBXVariantGroup section */

/* Begin XCBuildConfiguration section */
		701414451C777D9B001F8D87 /* Debug */ = {
			isa = XCBuildConfiguration;
			buildSettings = {
				ALWAYS_SEARCH_USER_PATHS = NO;
				CLANG_CXX_LANGUAGE_STANDARD = "gnu++0x";
				CLANG_CXX_LIBRARY = "libc++";
				CLANG_ENABLE_MODULES = YES;
				CLANG_ENABLE_OBJC_ARC = YES;
				CLANG_WARN_BOOL_CONVERSION = YES;
				CLANG_WARN_CONSTANT_CONVERSION = YES;
				CLANG_WARN_DIRECT_OBJC_ISA_USAGE = YES_ERROR;
				CLANG_WARN_EMPTY_BODY = YES;
				CLANG_WARN_ENUM_CONVERSION = YES;
				CLANG_WARN_INT_CONVERSION = YES;
				CLANG_WARN_OBJC_ROOT_CLASS = YES_ERROR;
				CLANG_WARN_UNREACHABLE_CODE = YES;
				CLANG_WARN__DUPLICATE_METHOD_MATCH = YES;
				"CODE_SIGN_IDENTITY[sdk=iphoneos*]" = "iPhone Developer";
				COPY_PHASE_STRIP = NO;
				DEBUG_INFORMATION_FORMAT = dwarf;
				ENABLE_STRICT_OBJC_MSGSEND = YES;
				ENABLE_TESTABILITY = YES;
				GCC_C_LANGUAGE_STANDARD = gnu99;
				GCC_DYNAMIC_NO_PIC = NO;
				GCC_NO_COMMON_BLOCKS = YES;
				GCC_OPTIMIZATION_LEVEL = 0;
				GCC_PREPROCESSOR_DEFINITIONS = (
					"DEBUG=1",
					"$(inherited)",
				);
				GCC_WARN_64_TO_32_BIT_CONVERSION = YES;
				GCC_WARN_ABOUT_RETURN_TYPE = YES_ERROR;
				GCC_WARN_UNDECLARED_SELECTOR = YES;
				GCC_WARN_UNINITIALIZED_AUTOS = YES_AGGRESSIVE;
				GCC_WARN_UNUSED_FUNCTION = YES;
				GCC_WARN_UNUSED_VARIABLE = YES;
				IPHONEOS_DEPLOYMENT_TARGET = 9.2;
				MTL_ENABLE_DEBUG_INFO = YES;
				ONLY_ACTIVE_ARCH = YES;
				SDKROOT = iphoneos;
			};
			name = Debug;
		};
		701414461C777D9B001F8D87 /* Release */ = {
			isa = XCBuildConfiguration;
			buildSettings = {
				ALWAYS_SEARCH_USER_PATHS = NO;
				CLANG_CXX_LANGUAGE_STANDARD = "gnu++0x";
				CLANG_CXX_LIBRARY = "libc++";
				CLANG_ENABLE_MODULES = YES;
				CLANG_ENABLE_OBJC_ARC = YES;
				CLANG_WARN_BOOL_CONVERSION = YES;
				CLANG_WARN_CONSTANT_CONVERSION = YES;
				CLANG_WARN_DIRECT_OBJC_ISA_USAGE = YES_ERROR;
				CLANG_WARN_EMPTY_BODY = YES;
				CLANG_WARN_ENUM_CONVERSION = YES;
				CLANG_WARN_INT_CONVERSION = YES;
				CLANG_WARN_OBJC_ROOT_CLASS = YES_ERROR;
				CLANG_WARN_UNREACHABLE_CODE = YES;
				CLANG_WARN__DUPLICATE_METHOD_MATCH = YES;
				"CODE_SIGN_IDENTITY[sdk=iphoneos*]" = "iPhone Developer";
				COPY_PHASE_STRIP = NO;
				DEBUG_INFORMATION_FORMAT = "dwarf-with-dsym";
				ENABLE_NS_ASSERTIONS = NO;
				ENABLE_STRICT_OBJC_MSGSEND = YES;
				GCC_C_LANGUAGE_STANDARD = gnu99;
				GCC_NO_COMMON_BLOCKS = YES;
				GCC_WARN_64_TO_32_BIT_CONVERSION = YES;
				GCC_WARN_ABOUT_RETURN_TYPE = YES_ERROR;
				GCC_WARN_UNDECLARED_SELECTOR = YES;
				GCC_WARN_UNINITIALIZED_AUTOS = YES_AGGRESSIVE;
				GCC_WARN_UNUSED_FUNCTION = YES;
				GCC_WARN_UNUSED_VARIABLE = YES;
				IPHONEOS_DEPLOYMENT_TARGET = 9.2;
				MTL_ENABLE_DEBUG_INFO = NO;
				SDKROOT = iphoneos;
				VALIDATE_PRODUCT = YES;
			};
			name = Release;
		};
		701414481C777D9B001F8D87 /* Debug */ = {
			isa = XCBuildConfiguration;
			buildSettings = {
				ASSETCATALOG_COMPILER_APPICON_NAME = AppIcon;
				CODE_SIGN_ENTITLEMENTS = ApplePayDemo/ApplePayDemo.entitlements;
				CODE_SIGN_IDENTITY = "iPhone Developer";
				"CODE_SIGN_IDENTITY[sdk=iphoneos*]" = "iPhone Developer";
				INFOPLIST_FILE = ApplePayDemo/Info.plist;
				LD_RUNPATH_SEARCH_PATHS = "$(inherited) @executable_path/Frameworks";
				PRODUCT_BUNDLE_IDENTIFIER = com.alvechen.ApplePayDemo;
				PRODUCT_NAME = "$(TARGET_NAME)";
				PROVISIONING_PROFILE = "";
				TARGETED_DEVICE_FAMILY = 2;
			};
			name = Debug;
		};
		701414491C777D9B001F8D87 /* Release */ = {
			isa = XCBuildConfiguration;
			buildSettings = {
				ASSETCATALOG_COMPILER_APPICON_NAME = AppIcon;
				CODE_SIGN_ENTITLEMENTS = ApplePayDemo/ApplePayDemo.entitlements;
				CODE_SIGN_IDENTITY = "iPhone Developer";
				"CODE_SIGN_IDENTITY[sdk=iphoneos*]" = "iPhone Developer";
				INFOPLIST_FILE = ApplePayDemo/Info.plist;
				LD_RUNPATH_SEARCH_PATHS = "$(inherited) @executable_path/Frameworks";
				PRODUCT_BUNDLE_IDENTIFIER = com.alvechen.ApplePayDemo;
				PRODUCT_NAME = "$(TARGET_NAME)";
				PROVISIONING_PROFILE = "";
				TARGETED_DEVICE_FAMILY = 2;
			};
			name = Release;
		};
/* End XCBuildConfiguration section */

/* Begin XCConfigurationList section */
		7014142B1C777D9B001F8D87 /* Build configuration list for PBXProject "ApplePayDemo" */ = {
			isa = XCConfigurationList;
			buildConfigurations = (
				701414451C777D9B001F8D87 /* Debug */,
				701414461C777D9B001F8D87 /* Release */,
			);
			defaultConfigurationIsVisible = 0;
			defaultConfigurationName = Release;
		};
		701414471C777D9B001F8D87 /* Build configuration list for PBXNativeTarget "ApplePayDemo" */ = {
			isa = XCConfigurationList;
			buildConfigurations = (
				701414481C777D9B001F8D87 /* Debug */,
				701414491C777D9B001F8D87 /* Release */,
			);
			defaultConfigurationIsVisible = 0;
		};
/* End XCConfigurationList section */
	};
	rootObject = 701414281C777D9B001F8D87 /* Project object */;
}
